// !$*UTF8*$!
{
	archiveVersion = 1;
	classes = {
	};
	objectVersion = 50;
	objects = {

/* Begin PBXBuildFile section */
		7CE9E04825780B9700F95AFC /* AppDelegate.swift in Sources */ = {isa = PBXBuildFile; fileRef = 7CE9E04725780B9700F95AFC /* AppDelegate.swift */; };
		7CE9E04A25780B9700F95AFC /* SceneDelegate.swift in Sources */ = {isa = PBXBuildFile; fileRef = 7CE9E04925780B9700F95AFC /* SceneDelegate.swift */; };
		7CE9E05125780B9800F95AFC /* Assets.xcassets in Resources */ = {isa = PBXBuildFile; fileRef = 7CE9E05025780B9800F95AFC /* Assets.xcassets */; };
		7CE9E05425780B9800F95AFC /* LaunchScreen.storyboard in Resources */ = {isa = PBXBuildFile; fileRef = 7CE9E05225780B9800F95AFC /* LaunchScreen.storyboard */; };
		7CE9E06025780BE300F95AFC /* ContactsViewController.swift in Sources */ = {isa = PBXBuildFile; fileRef = 7CE9E05E25780BE300F95AFC /* ContactsViewController.swift */; };
		7CE9E06125780BE300F95AFC /* ContactsViewController.xib in Resources */ = {isa = PBXBuildFile; fileRef = 7CE9E05F25780BE300F95AFC /* ContactsViewController.xib */; };
		7CE9E06625780FF300F95AFC /* Contact.swift in Sources */ = {isa = PBXBuildFile; fileRef = 7CE9E06525780FF300F95AFC /* Contact.swift */; };
		7CE9E06A2578105600F95AFC /* ContactsManager.swift in Sources */ = {isa = PBXBuildFile; fileRef = 7CE9E0692578105600F95AFC /* ContactsManager.swift */; };
		7CE9E06F2578108500F95AFC /* Closures.swift in Sources */ = {isa = PBXBuildFile; fileRef = 7CE9E06E2578108500F95AFC /* Closures.swift */; };
		7CE9E0772578123800F95AFC /* ContactTableViewCell.swift in Sources */ = {isa = PBXBuildFile; fileRef = 7CE9E0752578123800F95AFC /* ContactTableViewCell.swift */; };
		7CE9E0782578123800F95AFC /* ContactTableViewCell.xib in Resources */ = {isa = PBXBuildFile; fileRef = 7CE9E0762578123800F95AFC /* ContactTableViewCell.xib */; };
		7CE9E07D2578132700F95AFC /* NibLoadable.swift in Sources */ = {isa = PBXBuildFile; fileRef = 7CE9E07C2578132700F95AFC /* NibLoadable.swift */; };
		7CE9E0832578134D00F95AFC /* UITableView+NibLoadable.swift in Sources */ = {isa = PBXBuildFile; fileRef = 7CE9E0822578134D00F95AFC /* UITableView+NibLoadable.swift */; };
		7CE9E089257817A600F95AFC /* ContactViewController.swift in Sources */ = {isa = PBXBuildFile; fileRef = 7CE9E087257817A600F95AFC /* ContactViewController.swift */; };
		7CE9E08A257817A600F95AFC /* ContactViewController.xib in Resources */ = {isa = PBXBuildFile; fileRef = 7CE9E088257817A600F95AFC /* ContactViewController.xib */; };
/* End PBXBuildFile section */

/* Begin PBXFileReference section */
		7CE9E04425780B9700F95AFC /* OK Pixel Test.app */ = {isa = PBXFileReference; explicitFileType = wrapper.application; includeInIndex = 0; path = "OK Pixel Test.app"; sourceTree = BUILT_PRODUCTS_DIR; };
		7CE9E04725780B9700F95AFC /* AppDelegate.swift */ = {isa = PBXFileReference; lastKnownFileType = sourcecode.swift; path = AppDelegate.swift; sourceTree = "<group>"; };
		7CE9E04925780B9700F95AFC /* SceneDelegate.swift */ = {isa = PBXFileReference; lastKnownFileType = sourcecode.swift; path = SceneDelegate.swift; sourceTree = "<group>"; };
		7CE9E05025780B9800F95AFC /* Assets.xcassets */ = {isa = PBXFileReference; lastKnownFileType = folder.assetcatalog; path = Assets.xcassets; sourceTree = "<group>"; };
		7CE9E05325780B9800F95AFC /* Base */ = {isa = PBXFileReference; lastKnownFileType = file.storyboard; name = Base; path = Base.lproj/LaunchScreen.storyboard; sourceTree = "<group>"; };
		7CE9E05525780B9800F95AFC /* Info.plist */ = {isa = PBXFileReference; lastKnownFileType = text.plist.xml; path = Info.plist; sourceTree = "<group>"; };
		7CE9E05E25780BE300F95AFC /* ContactsViewController.swift */ = {isa = PBXFileReference; lastKnownFileType = sourcecode.swift; path = ContactsViewController.swift; sourceTree = "<group>"; };
		7CE9E05F25780BE300F95AFC /* ContactsViewController.xib */ = {isa = PBXFileReference; lastKnownFileType = file.xib; path = ContactsViewController.xib; sourceTree = "<group>"; };
		7CE9E06525780FF300F95AFC /* Contact.swift */ = {isa = PBXFileReference; lastKnownFileType = sourcecode.swift; path = Contact.swift; sourceTree = "<group>"; };
		7CE9E0692578105600F95AFC /* ContactsManager.swift */ = {isa = PBXFileReference; lastKnownFileType = sourcecode.swift; path = ContactsManager.swift; sourceTree = "<group>"; };
		7CE9E06E2578108500F95AFC /* Closures.swift */ = {isa = PBXFileReference; lastKnownFileType = sourcecode.swift; path = Closures.swift; sourceTree = "<group>"; };
		7CE9E0752578123800F95AFC /* ContactTableViewCell.swift */ = {isa = PBXFileReference; lastKnownFileType = sourcecode.swift; path = ContactTableViewCell.swift; sourceTree = "<group>"; };
		7CE9E0762578123800F95AFC /* ContactTableViewCell.xib */ = {isa = PBXFileReference; lastKnownFileType = file.xib; path = ContactTableViewCell.xib; sourceTree = "<group>"; };
		7CE9E07C2578132700F95AFC /* NibLoadable.swift */ = {isa = PBXFileReference; lastKnownFileType = sourcecode.swift; path = NibLoadable.swift; sourceTree = "<group>"; };
		7CE9E0822578134D00F95AFC /* UITableView+NibLoadable.swift */ = {isa = PBXFileReference; lastKnownFileType = sourcecode.swift; path = "UITableView+NibLoadable.swift"; sourceTree = "<group>"; };
		7CE9E087257817A600F95AFC /* ContactViewController.swift */ = {isa = PBXFileReference; lastKnownFileType = sourcecode.swift; path = ContactViewController.swift; sourceTree = "<group>"; };
		7CE9E088257817A600F95AFC /* ContactViewController.xib */ = {isa = PBXFileReference; lastKnownFileType = file.xib; path = ContactViewController.xib; sourceTree = "<group>"; };
/* End PBXFileReference section */

/* Begin PBXFrameworksBuildPhase section */
		7CE9E04125780B9700F95AFC /* Frameworks */ = {
			isa = PBXFrameworksBuildPhase;
			buildActionMask = 2147483647;
			files = (
			);
			runOnlyForDeploymentPostprocessing = 0;
		};
/* End PBXFrameworksBuildPhase section */

/* Begin PBXGroup section */
		7CE9E03B25780B9700F95AFC = {
			isa = PBXGroup;
			children = (
				7CE9E04625780B9700F95AFC /* OK Pixel Test */,
				7CE9E04525780B9700F95AFC /* Products */,
			);
			sourceTree = "<group>";
		};
		7CE9E04525780B9700F95AFC /* Products */ = {
			isa = PBXGroup;
			children = (
				7CE9E04425780B9700F95AFC /* OK Pixel Test.app */,
			);
			name = Products;
			sourceTree = "<group>";
		};
		7CE9E04625780B9700F95AFC /* OK Pixel Test */ = {
			isa = PBXGroup;
			children = (
				7CE9E04725780B9700F95AFC /* AppDelegate.swift */,
				7CE9E04925780B9700F95AFC /* SceneDelegate.swift */,
				7CE9E0812578134000F95AFC /* Extensions */,
				7CE9E07B2578131B00F95AFC /* Protocols */,
				7CE9E0712578121E00F95AFC /* Custom Views */,
				7CE9E06D2578107D00F95AFC /* Typealiases */,
				7CE9E0682578104C00F95AFC /* Managers */,
				7CE9E06425780FE800F95AFC /* Models */,
				7CE9E05C25780BCC00F95AFC /* Screens */,
				7CE9E05025780B9800F95AFC /* Assets.xcassets */,
				7CE9E05225780B9800F95AFC /* LaunchScreen.storyboard */,
				7CE9E05525780B9800F95AFC /* Info.plist */,
			);
			path = "OK Pixel Test";
			sourceTree = "<group>";
		};
		7CE9E05C25780BCC00F95AFC /* Screens */ = {
			isa = PBXGroup;
			children = (
				7CE9E0862578179B00F95AFC /* Contact */,
				7CE9E05D25780BD300F95AFC /* Contacts */,
			);
			path = Screens;
			sourceTree = "<group>";
		};
		7CE9E05D25780BD300F95AFC /* Contacts */ = {
			isa = PBXGroup;
			children = (
				7CE9E05E25780BE300F95AFC /* ContactsViewController.swift */,
				7CE9E05F25780BE300F95AFC /* ContactsViewController.xib */,
			);
			path = Contacts;
			sourceTree = "<group>";
		};
		7CE9E06425780FE800F95AFC /* Models */ = {
			isa = PBXGroup;
			children = (
				7CE9E06525780FF300F95AFC /* Contact.swift */,
			);
			path = Models;
			sourceTree = "<group>";
		};
		7CE9E0682578104C00F95AFC /* Managers */ = {
			isa = PBXGroup;
			children = (
				7CE9E0692578105600F95AFC /* ContactsManager.swift */,
			);
			path = Managers;
			sourceTree = "<group>";
		};
		7CE9E06D2578107D00F95AFC /* Typealiases */ = {
			isa = PBXGroup;
			children = (
				7CE9E06E2578108500F95AFC /* Closures.swift */,
			);
			path = Typealiases;
			sourceTree = "<group>";
		};
		7CE9E0712578121E00F95AFC /* Custom Views */ = {
			isa = PBXGroup;
			children = (
				7CE9E0722578122200F95AFC /* Cells */,
			);
			path = "Custom Views";
			sourceTree = "<group>";
		};
		7CE9E0722578122200F95AFC /* Cells */ = {
			isa = PBXGroup;
			children = (
				7CE9E0732578122600F95AFC /* Table View */,
			);
			path = Cells;
			sourceTree = "<group>";
		};
		7CE9E0732578122600F95AFC /* Table View */ = {
			isa = PBXGroup;
			children = (
				7CE9E0742578122B00F95AFC /* Contact */,
			);
			path = "Table View";
			sourceTree = "<group>";
		};
		7CE9E0742578122B00F95AFC /* Contact */ = {
			isa = PBXGroup;
			children = (
				7CE9E0752578123800F95AFC /* ContactTableViewCell.swift */,
				7CE9E0762578123800F95AFC /* ContactTableViewCell.xib */,
			);
			path = Contact;
			sourceTree = "<group>";
		};
		7CE9E07B2578131B00F95AFC /* Protocols */ = {
			isa = PBXGroup;
			children = (
				7CE9E07C2578132700F95AFC /* NibLoadable.swift */,
			);
			path = Protocols;
			sourceTree = "<group>";
		};
		7CE9E0812578134000F95AFC /* Extensions */ = {
			isa = PBXGroup;
			children = (
				7CE9E0822578134D00F95AFC /* UITableView+NibLoadable.swift */,
			);
			path = Extensions;
			sourceTree = "<group>";
		};
		7CE9E0862578179B00F95AFC /* Contact */ = {
			isa = PBXGroup;
			children = (
				7CE9E087257817A600F95AFC /* ContactViewController.swift */,
				7CE9E088257817A600F95AFC /* ContactViewController.xib */,
			);
			path = Contact;
			sourceTree = "<group>";
		};
/* End PBXGroup section */

/* Begin PBXNativeTarget section */
		7CE9E04325780B9700F95AFC /* OK Pixel Test */ = {
			isa = PBXNativeTarget;
			buildConfigurationList = 7CE9E05825780B9800F95AFC /* Build configuration list for PBXNativeTarget "OK Pixel Test" */;
			buildPhases = (
				7CE9E04025780B9700F95AFC /* Sources */,
				7CE9E04125780B9700F95AFC /* Frameworks */,
				7CE9E04225780B9700F95AFC /* Resources */,
			);
			buildRules = (
			);
			dependencies = (
			);
			name = "OK Pixel Test";
			productName = "OK Pixel Test";
			productReference = 7CE9E04425780B9700F95AFC /* OK Pixel Test.app */;
			productType = "com.apple.product-type.application";
		};
/* End PBXNativeTarget section */

/* Begin PBXProject section */
		7CE9E03C25780B9700F95AFC /* Project object */ = {
			isa = PBXProject;
			attributes = {
				LastSwiftUpdateCheck = 1210;
				LastUpgradeCheck = 1210;
				TargetAttributes = {
					7CE9E04325780B9700F95AFC = {
						CreatedOnToolsVersion = 12.1;
					};
				};
			};
			buildConfigurationList = 7CE9E03F25780B9700F95AFC /* Build configuration list for PBXProject "OK Pixel Test" */;
			compatibilityVersion = "Xcode 9.3";
			developmentRegion = en;
			hasScannedForEncodings = 0;
			knownRegions = (
				en,
				Base,
			);
			mainGroup = 7CE9E03B25780B9700F95AFC;
			productRefGroup = 7CE9E04525780B9700F95AFC /* Products */;
			projectDirPath = "";
			projectRoot = "";
			targets = (
				7CE9E04325780B9700F95AFC /* OK Pixel Test */,
			);
		};
/* End PBXProject section */

/* Begin PBXResourcesBuildPhase section */
		7CE9E04225780B9700F95AFC /* Resources */ = {
			isa = PBXResourcesBuildPhase;
			buildActionMask = 2147483647;
			files = (
				7CE9E0782578123800F95AFC /* ContactTableViewCell.xib in Resources */,
				7CE9E08A257817A600F95AFC /* ContactViewController.xib in Resources */,
				7CE9E05425780B9800F95AFC /* LaunchScreen.storyboard in Resources */,
				7CE9E06125780BE300F95AFC /* ContactsViewController.xib in Resources */,
				7CE9E05125780B9800F95AFC /* Assets.xcassets in Resources */,
			);
			runOnlyForDeploymentPostprocessing = 0;
		};
/* End PBXResourcesBuildPhase section */

/* Begin PBXSourcesBuildPhase section */
		7CE9E04025780B9700F95AFC /* Sources */ = {
			isa = PBXSourcesBuildPhase;
			buildActionMask = 2147483647;
			files = (
				7CE9E06625780FF300F95AFC /* Contact.swift in Sources */,
				7CE9E07D2578132700F95AFC /* NibLoadable.swift in Sources */,
				7CE9E06A2578105600F95AFC /* ContactsManager.swift in Sources */,
				7CE9E04825780B9700F95AFC /* AppDelegate.swift in Sources */,
				7CE9E04A25780B9700F95AFC /* SceneDelegate.swift in Sources */,
				7CE9E0832578134D00F95AFC /* UITableView+NibLoadable.swift in Sources */,
				7CE9E0772578123800F95AFC /* ContactTableViewCell.swift in Sources */,
				7CE9E06025780BE300F95AFC /* ContactsViewController.swift in Sources */,
				7CE9E06F2578108500F95AFC /* Closures.swift in Sources */,
				7CE9E089257817A600F95AFC /* ContactViewController.swift in Sources */,
			);
			runOnlyForDeploymentPostprocessing = 0;
		};
/* End PBXSourcesBuildPhase section */

/* Begin PBXVariantGroup section */
		7CE9E05225780B9800F95AFC /* LaunchScreen.storyboard */ = {
			isa = PBXVariantGroup;
			children = (
				7CE9E05325780B9800F95AFC /* Base */,
			);
			name = LaunchScreen.storyboard;
			sourceTree = "<group>";
		};
/* End PBXVariantGroup section */

/* Begin XCBuildConfiguration section */
		7CE9E05625780B9800F95AFC /* Debug */ = {
			isa = XCBuildConfiguration;
			buildSettings = {
				ALWAYS_SEARCH_USER_PATHS = NO;
				CLANG_ANALYZER_NONNULL = YES;
				CLANG_ANALYZER_NUMBER_OBJECT_CONVERSION = YES_AGGRESSIVE;
				CLANG_CXX_LANGUAGE_STANDARD = "gnu++14";
				CLANG_CXX_LIBRARY = "libc++";
				CLANG_ENABLE_MODULES = YES;
				CLANG_ENABLE_OBJC_ARC = YES;
				CLANG_ENABLE_OBJC_WEAK = YES;
				CLANG_WARN_BLOCK_CAPTURE_AUTORELEASING = YES;
				CLANG_WARN_BOOL_CONVERSION = YES;
				CLANG_WARN_COMMA = YES;
				CLANG_WARN_CONSTANT_CONVERSION = YES;
				CLANG_WARN_DEPRECATED_OBJC_IMPLEMENTATIONS = YES;
				CLANG_WARN_DIRECT_OBJC_ISA_USAGE = YES_ERROR;
				CLANG_WARN_DOCUMENTATION_COMMENTS = YES;
				CLANG_WARN_EMPTY_BODY = YES;
				CLANG_WARN_ENUM_CONVERSION = YES;
				CLANG_WARN_INFINITE_RECURSION = YES;
				CLANG_WARN_INT_CONVERSION = YES;
				CLANG_WARN_NON_LITERAL_NULL_CONVERSION = YES;
				CLANG_WARN_OBJC_IMPLICIT_RETAIN_SELF = YES;
				CLANG_WARN_OBJC_LITERAL_CONVERSION = YES;
				CLANG_WARN_OBJC_ROOT_CLASS = YES_ERROR;
				CLANG_WARN_QUOTED_INCLUDE_IN_FRAMEWORK_HEADER = YES;
				CLANG_WARN_RANGE_LOOP_ANALYSIS = YES;
				CLANG_WARN_STRICT_PROTOTYPES = YES;
				CLANG_WARN_SUSPICIOUS_MOVE = YES;
				CLANG_WARN_UNGUARDED_AVAILABILITY = YES_AGGRESSIVE;
				CLANG_WARN_UNREACHABLE_CODE = YES;
				CLANG_WARN__DUPLICATE_METHOD_MATCH = YES;
				COPY_PHASE_STRIP = NO;
				DEBUG_INFORMATION_FORMAT = dwarf;
				ENABLE_STRICT_OBJC_MSGSEND = YES;
				ENABLE_TESTABILITY = YES;
				GCC_C_LANGUAGE_STANDARD = gnu11;
				GCC_DYNAMIC_NO_PIC = NO;
				GCC_NO_COMMON_BLOCKS = YES;
				GCC_OPTIMIZATION_LEVEL = 0;
				GCC_PREPROCESSOR_DEFINITIONS = (
					"DEBUG=1",
					"$(inherited)",
				);
				GCC_WARN_64_TO_32_BIT_CONVERSION = YES;
				GCC_WARN_ABOUT_RETURN_TYPE = YES_ERROR;
				GCC_WARN_UNDECLARED_SELECTOR = YES;
				GCC_WARN_UNINITIALIZED_AUTOS = YES_AGGRESSIVE;
				GCC_WARN_UNUSED_FUNCTION = YES;
				GCC_WARN_UNUSED_VARIABLE = YES;
				IPHONEOS_DEPLOYMENT_TARGET = 14.1;
				MTL_ENABLE_DEBUG_INFO = INCLUDE_SOURCE;
				MTL_FAST_MATH = YES;
				ONLY_ACTIVE_ARCH = YES;
				SDKROOT = iphoneos;
				SWIFT_ACTIVE_COMPILATION_CONDITIONS = DEBUG;
				SWIFT_OPTIMIZATION_LEVEL = "-Onone";
			};
			name = Debug;
		};
		7CE9E05725780B9800F95AFC /* Release */ = {
			isa = XCBuildConfiguration;
			buildSettings = {
				ALWAYS_SEARCH_USER_PATHS = NO;
				CLANG_ANALYZER_NONNULL = YES;
				CLANG_ANALYZER_NUMBER_OBJECT_CONVERSION = YES_AGGRESSIVE;
				CLANG_CXX_LANGUAGE_STANDARD = "gnu++14";
				CLANG_CXX_LIBRARY = "libc++";
				CLANG_ENABLE_MODULES = YES;
				CLANG_ENABLE_OBJC_ARC = YES;
				CLANG_ENABLE_OBJC_WEAK = YES;
				CLANG_WARN_BLOCK_CAPTURE_AUTORELEASING = YES;
				CLANG_WARN_BOOL_CONVERSION = YES;
				CLANG_WARN_COMMA = YES;
				CLANG_WARN_CONSTANT_CONVERSION = YES;
				CLANG_WARN_DEPRECATED_OBJC_IMPLEMENTATIONS = YES;
				CLANG_WARN_DIRECT_OBJC_ISA_USAGE = YES_ERROR;
				CLANG_WARN_DOCUMENTATION_COMMENTS = YES;
				CLANG_WARN_EMPTY_BODY = YES;
				CLANG_WARN_ENUM_CONVERSION = YES;
				CLANG_WARN_INFINITE_RECURSION = YES;
				CLANG_WARN_INT_CONVERSION = YES;
				CLANG_WARN_NON_LITERAL_NULL_CONVERSION = YES;
				CLANG_WARN_OBJC_IMPLICIT_RETAIN_SELF = YES;
				CLANG_WARN_OBJC_LITERAL_CONVERSION = YES;
				CLANG_WARN_OBJC_ROOT_CLASS = YES_ERROR;
				CLANG_WARN_QUOTED_INCLUDE_IN_FRAMEWORK_HEADER = YES;
				CLANG_WARN_RANGE_LOOP_ANALYSIS = YES;
				CLANG_WARN_STRICT_PROTOTYPES = YES;
				CLANG_WARN_SUSPICIOUS_MOVE = YES;
				CLANG_WARN_UNGUARDED_AVAILABILITY = YES_AGGRESSIVE;
				CLANG_WARN_UNREACHABLE_CODE = YES;
				CLANG_WARN__DUPLICATE_METHOD_MATCH = YES;
				COPY_PHASE_STRIP = NO;
				DEBUG_INFORMATION_FORMAT = "dwarf-with-dsym";
				ENABLE_NS_ASSERTIONS = NO;
				ENABLE_STRICT_OBJC_MSGSEND = YES;
				GCC_C_LANGUAGE_STANDARD = gnu11;
				GCC_NO_COMMON_BLOCKS = YES;
				GCC_WARN_64_TO_32_BIT_CONVERSION = YES;
				GCC_WARN_ABOUT_RETURN_TYPE = YES_ERROR;
				GCC_WARN_UNDECLARED_SELECTOR = YES;
				GCC_WARN_UNINITIALIZED_AUTOS = YES_AGGRESSIVE;
				GCC_WARN_UNUSED_FUNCTION = YES;
				GCC_WARN_UNUSED_VARIABLE = YES;
				IPHONEOS_DEPLOYMENT_TARGET = 14.1;
				MTL_ENABLE_DEBUG_INFO = NO;
				MTL_FAST_MATH = YES;
				SDKROOT = iphoneos;
				SWIFT_COMPILATION_MODE = wholemodule;
				SWIFT_OPTIMIZATION_LEVEL = "-O";
				VALIDATE_PRODUCT = YES;
			};
			name = Release;
		};
		7CE9E05925780B9800F95AFC /* Debug */ = {
			isa = XCBuildConfiguration;
			buildSettings = {
				ASSETCATALOG_COMPILER_APPICON_NAME = AppIcon;
				ASSETCATALOG_COMPILER_GLOBAL_ACCENT_COLOR_NAME = AccentColor;
				CODE_SIGN_STYLE = Automatic;
				DEVELOPMENT_TEAM = 9JKXG5353D;
				INFOPLIST_FILE = "OK Pixel Test/Info.plist";
				LD_RUNPATH_SEARCH_PATHS = (
					"$(inherited)",
					"@executable_path/Frameworks",
				);
				PRODUCT_BUNDLE_IDENTIFIER = "AI.OK-Pixel-Test";
				PRODUCT_NAME = "$(TARGET_NAME)";
				SWIFT_VERSION = 5.0;
				TARGETED_DEVICE_FAMILY = "1,2";
			};
			name = Debug;
		};
		7CE9E05A25780B9800F95AFC /* Release */ = {
			isa = XCBuildConfiguration;
			buildSettings = {
				ASSETCATALOG_COMPILER_APPICON_NAME = AppIcon;
				ASSETCATALOG_COMPILER_GLOBAL_ACCENT_COLOR_NAME = AccentColor;
				CODE_SIGN_STYLE = Automatic;
				DEVELOPMENT_TEAM = 9JKXG5353D;
				INFOPLIST_FILE = "OK Pixel Test/Info.plist";
				LD_RUNPATH_SEARCH_PATHS = (
					"$(inherited)",
					"@executable_path/Frameworks",
				);
				PRODUCT_BUNDLE_IDENTIFIER = "AI.OK-Pixel-Test";
				PRODUCT_NAME = "$(TARGET_NAME)";
				SWIFT_VERSION = 5.0;
				TARGETED_DEVICE_FAMILY = "1,2";
			};
			name = Release;
		};
/* End XCBuildConfiguration section */

/* Begin XCConfigurationList section */
		7CE9E03F25780B9700F95AFC /* Build configuration list for PBXProject "OK Pixel Test" */ = {
			isa = XCConfigurationList;
			buildConfigurations = (
				7CE9E05625780B9800F95AFC /* Debug */,
				7CE9E05725780B9800F95AFC /* Release */,
			);
			defaultConfigurationIsVisible = 0;
			defaultConfigurationName = Release;
		};
		7CE9E05825780B9800F95AFC /* Build configuration list for PBXNativeTarget "OK Pixel Test" */ = {
			isa = XCConfigurationList;
			buildConfigurations = (
				7CE9E05925780B9800F95AFC /* Debug */,
				7CE9E05A25780B9800F95AFC /* Release */,
			);
			defaultConfigurationIsVisible = 0;
			defaultConfigurationName = Release;
		};
/* End XCConfigurationList section */
	};
	rootObject = 7CE9E03C25780B9700F95AFC /* Project object */;
}
